// !$*UTF8*$!
{
	archiveVersion = 1;
	classes = {
	};
	objectVersion = 46;
	objects = {

/* Begin PBXBuildFile section */
		343735331D4B9E0C00A613A7 /* AppDelegate.swift in Sources */ = {isa = PBXBuildFile; fileRef = 343735321D4B9E0C00A613A7 /* AppDelegate.swift */; };
		343735351D4B9E0C00A613A7 /* GPSTrack.swift in Sources */ = {isa = PBXBuildFile; fileRef = 343735341D4B9E0C00A613A7 /* GPSTrack.swift */; };
		343735381D4B9E0C00A613A7 /* Main.storyboard in Resources */ = {isa = PBXBuildFile; fileRef = 343735361D4B9E0C00A613A7 /* Main.storyboard */; };
		3437353A1D4B9E0C00A613A7 /* Assets.xcassets in Resources */ = {isa = PBXBuildFile; fileRef = 343735391D4B9E0C00A613A7 /* Assets.xcassets */; };
		3437353D1D4B9E0C00A613A7 /* LaunchScreen.storyboard in Resources */ = {isa = PBXBuildFile; fileRef = 3437353B1D4B9E0C00A613A7 /* LaunchScreen.storyboard */; };
		343735451D4BC63300A613A7 /* CoreLocation.framework in Frameworks */ = {isa = PBXBuildFile; fileRef = 343735441D4BC63300A613A7 /* CoreLocation.framework */; };
		343735481D4BE3C100A613A7 /* walkSim-PentgRow.gpx in Resources */ = {isa = PBXBuildFile; fileRef = 343735471D4BE3C100A613A7 /* walkSim-PentgRow.gpx */; };
		34BF7B931D4D42C400B2D047 /* PokeScan.swift in Sources */ = {isa = PBXBuildFile; fileRef = 34BF7B921D4D42C400B2D047 /* PokeScan.swift */; };
/* End PBXBuildFile section */

/* Begin PBXFileReference section */
		340603BE1D4E21550065AE3A /* bikeSim-LongBridgePark.gpx */ = {isa = PBXFileReference; lastKnownFileType = text.xml; path = "bikeSim-LongBridgePark.gpx"; sourceTree = "<group>"; };
		340603BF1D4E4DB10065AE3A /* walkSim-GraceMurray.gpx */ = {isa = PBXFileReference; lastKnownFileType = text.xml; path = "walkSim-GraceMurray.gpx"; sourceTree = "<group>"; };
		340603C01D4EC0210065AE3A /* walkSim-BathBeyond.gpx */ = {isa = PBXFileReference; lastKnownFileType = text.xml; path = "walkSim-BathBeyond.gpx"; sourceTree = "<group>"; };
		34286E491D4FD264009931A3 /* walkSim-JoyceGym.gpx */ = {isa = PBXFileReference; lastKnownFileType = text.xml; path = "walkSim-JoyceGym.gpx"; sourceTree = "<group>"; };
		3437352F1D4B9E0C00A613A7 /* GPS Locator.app */ = {isa = PBXFileReference; explicitFileType = wrapper.application; includeInIndex = 0; path = "GPS Locator.app"; sourceTree = BUILT_PRODUCTS_DIR; };
		343735321D4B9E0C00A613A7 /* AppDelegate.swift */ = {isa = PBXFileReference; lastKnownFileType = sourcecode.swift; path = AppDelegate.swift; sourceTree = "<group>"; };
		343735341D4B9E0C00A613A7 /* GPSTrack.swift */ = {isa = PBXFileReference; lastKnownFileType = sourcecode.swift; path = GPSTrack.swift; sourceTree = "<group>"; };
		343735371D4B9E0C00A613A7 /* Base */ = {isa = PBXFileReference; lastKnownFileType = file.storyboard; name = Base; path = Base.lproj/Main.storyboard; sourceTree = "<group>"; };
		343735391D4B9E0C00A613A7 /* Assets.xcassets */ = {isa = PBXFileReference; lastKnownFileType = folder.assetcatalog; path = Assets.xcassets; sourceTree = "<group>"; };
		3437353C1D4B9E0C00A613A7 /* Base */ = {isa = PBXFileReference; lastKnownFileType = file.storyboard; name = Base; path = Base.lproj/LaunchScreen.storyboard; sourceTree = "<group>"; };
		3437353E1D4B9E0C00A613A7 /* Info.plist */ = {isa = PBXFileReference; lastKnownFileType = text.plist.xml; path = Info.plist; sourceTree = "<group>"; };
		343735441D4BC63300A613A7 /* CoreLocation.framework */ = {isa = PBXFileReference; lastKnownFileType = wrapper.framework; name = CoreLocation.framework; path = System/Library/Frameworks/CoreLocation.framework; sourceTree = SDKROOT; };
		343735471D4BE3C100A613A7 /* walkSim-PentgRow.gpx */ = {isa = PBXFileReference; fileEncoding = 4; lastKnownFileType = text.xml; path = "walkSim-PentgRow.gpx"; sourceTree = "<group>"; };
		345424651D53CBF900DCAEB1 /* gymTour-PentgCity.gpx */ = {isa = PBXFileReference; lastKnownFileType = text.xml; path = "gymTour-PentgCity.gpx"; sourceTree = "<group>"; };
		3456063C1D52659B0029A573 /* walkSim-AirForceGym.gpx */ = {isa = PBXFileReference; lastKnownFileType = text.xml; path = "walkSim-AirForceGym.gpx"; sourceTree = "<group>"; };
		34BF7B921D4D42C400B2D047 /* PokeScan.swift */ = {isa = PBXFileReference; fileEncoding = 4; lastKnownFileType = sourcecode.swift; path = PokeScan.swift; sourceTree = "<group>"; };
		34BF7B941D4D51CE00B2D047 /* walkSim-ArmyNavyNorth.gpx */ = {isa = PBXFileReference; lastKnownFileType = text.xml; path = "walkSim-ArmyNavyNorth.gpx"; sourceTree = "<group>"; };
		34BF7B951D4D768300B2D047 /* walkSim-HighlandPark.gpx */ = {isa = PBXFileReference; lastKnownFileType = text.xml; path = "walkSim-HighlandPark.gpx"; sourceTree = "<group>"; };
		34BF7B961D4D7DC700B2D047 /* northSlobrow.gpx */ = {isa = PBXFileReference; lastKnownFileType = text.xml; path = northSlobrow.gpx; sourceTree = "<group>"; };
		34BF7B971D4D808200B2D047 /* southExecute.gpx */ = {isa = PBXFileReference; lastKnownFileType = text.xml; path = southExecute.gpx; sourceTree = "<group>"; };
		34BF7B981D4D85BA00B2D047 /* tempyFile.gpx */ = {isa = PBXFileReference; lastKnownFileType = text.xml; path = tempyFile.gpx; sourceTree = "<group>"; };
/* End PBXFileReference section */

/* Begin PBXFrameworksBuildPhase section */
		3437352C1D4B9E0C00A613A7 /* Frameworks */ = {
			isa = PBXFrameworksBuildPhase;
			buildActionMask = 2147483647;
			files = (
				343735451D4BC63300A613A7 /* CoreLocation.framework in Frameworks */,
			);
			runOnlyForDeploymentPostprocessing = 0;
		};
/* End PBXFrameworksBuildPhase section */

/* Begin PBXGroup section */
		343735261D4B9E0C00A613A7 = {
			isa = PBXGroup;
			children = (
				343735441D4BC63300A613A7 /* CoreLocation.framework */,
				343735311D4B9E0C00A613A7 /* GPS Locator */,
				343735301D4B9E0C00A613A7 /* Products */,
			);
			sourceTree = "<group>";
		};
		343735301D4B9E0C00A613A7 /* Products */ = {
			isa = PBXGroup;
			children = (
				3437352F1D4B9E0C00A613A7 /* GPS Locator.app */,
			);
			name = Products;
			sourceTree = "<group>";
		};
		343735311D4B9E0C00A613A7 /* GPS Locator */ = {
			isa = PBXGroup;
			children = (
				343735461D4BE39D00A613A7 /* Walking Paths */,
				343735321D4B9E0C00A613A7 /* AppDelegate.swift */,
				343735341D4B9E0C00A613A7 /* GPSTrack.swift */,
				34BF7B921D4D42C400B2D047 /* PokeScan.swift */,
				343735361D4B9E0C00A613A7 /* Main.storyboard */,
				343735391D4B9E0C00A613A7 /* Assets.xcassets */,
				3437353B1D4B9E0C00A613A7 /* LaunchScreen.storyboard */,
				3437353E1D4B9E0C00A613A7 /* Info.plist */,
			);
			path = "GPS Locator";
			sourceTree = "<group>";
		};
		343735461D4BE39D00A613A7 /* Walking Paths */ = {
			isa = PBXGroup;
			children = (
				34BF7B981D4D85BA00B2D047 /* tempyFile.gpx */,
				3456063C1D52659B0029A573 /* walkSim-AirForceGym.gpx */,
				34BF7B941D4D51CE00B2D047 /* walkSim-ArmyNavyNorth.gpx */,
				340603C01D4EC0210065AE3A /* walkSim-BathBeyond.gpx */,
				340603BF1D4E4DB10065AE3A /* walkSim-GraceMurray.gpx */,
				343735471D4BE3C100A613A7 /* walkSim-PentgRow.gpx */,
				34BF7B951D4D768300B2D047 /* walkSim-HighlandPark.gpx */,
				345424651D53CBF900DCAEB1 /* gymTour-PentgCity.gpx */,
				34286E491D4FD264009931A3 /* walkSim-JoyceGym.gpx */,
				340603BE1D4E21550065AE3A /* bikeSim-LongBridgePark.gpx */,
				34BF7B961D4D7DC700B2D047 /* northSlobrow.gpx */,
				34BF7B971D4D808200B2D047 /* southExecute.gpx */,
			);
			name = "Walking Paths";
			sourceTree = "<group>";
		};
/* End PBXGroup section */

/* Begin PBXNativeTarget section */
		3437352E1D4B9E0C00A613A7 /* GPS Locator */ = {
			isa = PBXNativeTarget;
			buildConfigurationList = 343735411D4B9E0C00A613A7 /* Build configuration list for PBXNativeTarget "GPS Locator" */;
			buildPhases = (
				3437352B1D4B9E0C00A613A7 /* Sources */,
				3437352C1D4B9E0C00A613A7 /* Frameworks */,
				3437352D1D4B9E0C00A613A7 /* Resources */,
			);
			buildRules = (
			);
			dependencies = (
			);
			name = "GPS Locator";
			productName = "PokéBuddy";
			productReference = 3437352F1D4B9E0C00A613A7 /* GPS Locator.app */;
			productType = "com.apple.product-type.application";
		};
/* End PBXNativeTarget section */

/* Begin PBXProject section */
		343735271D4B9E0C00A613A7 /* Project object */ = {
			isa = PBXProject;
			attributes = {
				LastSwiftUpdateCheck = 0730;
				LastUpgradeCheck = 0730;
				ORGANIZATIONNAME = "Tingbo Chen";
				TargetAttributes = {
					3437352E1D4B9E0C00A613A7 = {
						CreatedOnToolsVersion = 7.3.1;
						DevelopmentTeam = LJL8G936JS;
					};
				};
			};
			buildConfigurationList = 3437352A1D4B9E0C00A613A7 /* Build configuration list for PBXProject "GPS Locator" */;
			compatibilityVersion = "Xcode 3.2";
			developmentRegion = English;
			hasScannedForEncodings = 0;
			knownRegions = (
				en,
				Base,
			);
			mainGroup = 343735261D4B9E0C00A613A7;
			productRefGroup = 343735301D4B9E0C00A613A7 /* Products */;
			projectDirPath = "";
			projectRoot = "";
			targets = (
				3437352E1D4B9E0C00A613A7 /* GPS Locator */,
			);
		};
/* End PBXProject section */

/* Begin PBXResourcesBuildPhase section */
		3437352D1D4B9E0C00A613A7 /* Resources */ = {
			isa = PBXResourcesBuildPhase;
			buildActionMask = 2147483647;
			files = (
				343735481D4BE3C100A613A7 /* walkSim-PentgRow.gpx in Resources */,
				3437353D1D4B9E0C00A613A7 /* LaunchScreen.storyboard in Resources */,
				3437353A1D4B9E0C00A613A7 /* Assets.xcassets in Resources */,
				343735381D4B9E0C00A613A7 /* Main.storyboard in Resources */,
			);
			runOnlyForDeploymentPostprocessing = 0;
		};
/* End PBXResourcesBuildPhase section */

/* Begin PBXSourcesBuildPhase section */
		3437352B1D4B9E0C00A613A7 /* Sources */ = {
			isa = PBXSourcesBuildPhase;
			buildActionMask = 2147483647;
			files = (
				34BF7B931D4D42C400B2D047 /* PokeScan.swift in Sources */,
				343735351D4B9E0C00A613A7 /* GPSTrack.swift in Sources */,
				343735331D4B9E0C00A613A7 /* AppDelegate.swift in Sources */,
			);
			runOnlyForDeploymentPostprocessing = 0;
		};
/* End PBXSourcesBuildPhase section */

/* Begin PBXVariantGroup section */
		343735361D4B9E0C00A613A7 /* Main.storyboard */ = {
			isa = PBXVariantGroup;
			children = (
				343735371D4B9E0C00A613A7 /* Base */,
			);
			name = Main.storyboard;
			sourceTree = "<group>";
		};
		3437353B1D4B9E0C00A613A7 /* LaunchScreen.storyboard */ = {
			isa = PBXVariantGroup;
			children = (
				3437353C1D4B9E0C00A613A7 /* Base */,
			);
			name = LaunchScreen.storyboard;
			sourceTree = "<group>";
		};
/* End PBXVariantGroup section */

/* Begin XCBuildConfiguration section */
		3437353F1D4B9E0C00A613A7 /* Debug */ = {
			isa = XCBuildConfiguration;
			buildSettings = {
				ALWAYS_SEARCH_USER_PATHS = NO;
				CLANG_ANALYZER_NONNULL = YES;
				CLANG_CXX_LANGUAGE_STANDARD = "gnu++0x";
				CLANG_CXX_LIBRARY = "libc++";
				CLANG_ENABLE_MODULES = YES;
				CLANG_ENABLE_OBJC_ARC = YES;
				CLANG_WARN_BOOL_CONVERSION = YES;
				CLANG_WARN_CONSTANT_CONVERSION = YES;
				CLANG_WARN_DIRECT_OBJC_ISA_USAGE = YES_ERROR;
				CLANG_WARN_EMPTY_BODY = YES;
				CLANG_WARN_ENUM_CONVERSION = YES;
				CLANG_WARN_INT_CONVERSION = YES;
				CLANG_WARN_OBJC_ROOT_CLASS = YES_ERROR;
				CLANG_WARN_UNREACHABLE_CODE = YES;
				CLANG_WARN__DUPLICATE_METHOD_MATCH = YES;
				"CODE_SIGN_IDENTITY[sdk=iphoneos*]" = "iPhone Developer";
				COPY_PHASE_STRIP = NO;
				DEBUG_INFORMATION_FORMAT = dwarf;
				ENABLE_STRICT_OBJC_MSGSEND = YES;
				ENABLE_TESTABILITY = YES;
				GCC_C_LANGUAGE_STANDARD = gnu99;
				GCC_DYNAMIC_NO_PIC = NO;
				GCC_NO_COMMON_BLOCKS = YES;
				GCC_OPTIMIZATION_LEVEL = 0;
				GCC_PREPROCESSOR_DEFINITIONS = (
					"DEBUG=1",
					"$(inherited)",
				);
				GCC_WARN_64_TO_32_BIT_CONVERSION = YES;
				GCC_WARN_ABOUT_RETURN_TYPE = YES_ERROR;
				GCC_WARN_UNDECLARED_SELECTOR = YES;
				GCC_WARN_UNINITIALIZED_AUTOS = YES_AGGRESSIVE;
				GCC_WARN_UNUSED_FUNCTION = YES;
				GCC_WARN_UNUSED_VARIABLE = YES;
				IPHONEOS_DEPLOYMENT_TARGET = 9.3;
				MTL_ENABLE_DEBUG_INFO = YES;
				ONLY_ACTIVE_ARCH = YES;
				SDKROOT = iphoneos;
				SWIFT_OPTIMIZATION_LEVEL = "-Onone";
				TARGETED_DEVICE_FAMILY = "1,2";
			};
			name = Debug;
		};
		343735401D4B9E0C00A613A7 /* Release */ = {
			isa = XCBuildConfiguration;
			buildSettings = {
				ALWAYS_SEARCH_USER_PATHS = NO;
				CLANG_ANALYZER_NONNULL = YES;
				CLANG_CXX_LANGUAGE_STANDARD = "gnu++0x";
				CLANG_CXX_LIBRARY = "libc++";
				CLANG_ENABLE_MODULES = YES;
				CLANG_ENABLE_OBJC_ARC = YES;
				CLANG_WARN_BOOL_CONVERSION = YES;
				CLANG_WARN_CONSTANT_CONVERSION = YES;
				CLANG_WARN_DIRECT_OBJC_ISA_USAGE = YES_ERROR;
				CLANG_WARN_EMPTY_BODY = YES;
				CLANG_WARN_ENUM_CONVERSION = YES;
				CLANG_WARN_INT_CONVERSION = YES;
				CLANG_WARN_OBJC_ROOT_CLASS = YES_ERROR;
				CLANG_WARN_UNREACHABLE_CODE = YES;
				CLANG_WARN__DUPLICATE_METHOD_MATCH = YES;
				"CODE_SIGN_IDENTITY[sdk=iphoneos*]" = "iPhone Developer";
				COPY_PHASE_STRIP = NO;
				DEBUG_INFORMATION_FORMAT = "dwarf-with-dsym";
				ENABLE_NS_ASSERTIONS = NO;
				ENABLE_STRICT_OBJC_MSGSEND = YES;
				GCC_C_LANGUAGE_STANDARD = gnu99;
				GCC_NO_COMMON_BLOCKS = YES;
				GCC_WARN_64_TO_32_BIT_CONVERSION = YES;
				GCC_WARN_ABOUT_RETURN_TYPE = YES_ERROR;
				GCC_WARN_UNDECLARED_SELECTOR = YES;
				GCC_WARN_UNINITIALIZED_AUTOS = YES_AGGRESSIVE;
				GCC_WARN_UNUSED_FUNCTION = YES;
				GCC_WARN_UNUSED_VARIABLE = YES;
				IPHONEOS_DEPLOYMENT_TARGET = 9.3;
				MTL_ENABLE_DEBUG_INFO = NO;
				SDKROOT = iphoneos;
				TARGETED_DEVICE_FAMILY = "1,2";
				VALIDATE_PRODUCT = YES;
			};
			name = Release;
		};
		343735421D4B9E0C00A613A7 /* Debug */ = {
			isa = XCBuildConfiguration;
			buildSettings = {
				ASSETCATALOG_COMPILER_APPICON_NAME = AppIcon;
				INFOPLIST_FILE = "GPS Locator/Info.plist";
				LD_RUNPATH_SEARCH_PATHS = "$(inherited) @executable_path/Frameworks";
				PRODUCT_BUNDLE_IDENTIFIER = com.tbc.GPSLocator;
				PRODUCT_NAME = "GPS Locator";
			};
			name = Debug;
		};
		343735431D4B9E0C00A613A7 /* Release */ = {
			isa = XCBuildConfiguration;
			buildSettings = {
				ASSETCATALOG_COMPILER_APPICON_NAME = AppIcon;
				INFOPLIST_FILE = "GPS Locator/Info.plist";
				LD_RUNPATH_SEARCH_PATHS = "$(inherited) @executable_path/Frameworks";
				PRODUCT_BUNDLE_IDENTIFIER = com.tbc.GPSLocator;
				PRODUCT_NAME = "GPS Locator";
			};
			name = Release;
		};
/* End XCBuildConfiguration section */

/* Begin XCConfigurationList section */
		3437352A1D4B9E0C00A613A7 /* Build configuration list for PBXProject "GPS Locator" */ = {
			isa = XCConfigurationList;
			buildConfigurations = (
				3437353F1D4B9E0C00A613A7 /* Debug */,
				343735401D4B9E0C00A613A7 /* Release */,
			);
			defaultConfigurationIsVisible = 0;
			defaultConfigurationName = Release;
		};
		343735411D4B9E0C00A613A7 /* Build configuration list for PBXNativeTarget "GPS Locator" */ = {
			isa = XCConfigurationList;
			buildConfigurations = (
				343735421D4B9E0C00A613A7 /* Debug */,
				343735431D4B9E0C00A613A7 /* Release */,
			);
			defaultConfigurationIsVisible = 0;
			defaultConfigurationName = Release;
		};
/* End XCConfigurationList section */
	};
	rootObject = 343735271D4B9E0C00A613A7 /* Project object */;
}
