// !$*UTF8*$!
{
	archiveVersion = 1;
	classes = {
	};
	objectVersion = 46;
	objects = {

/* Begin PBXBuildFile section */
		3404750D1CDAE3A60004AFAF /* AppDelegate.swift in Sources */ = {isa = PBXBuildFile; fileRef = 3404750C1CDAE3A60004AFAF /* AppDelegate.swift */; };
		3404750F1CDAE3A60004AFAF /* MusicPlayerController.swift in Sources */ = {isa = PBXBuildFile; fileRef = 3404750E1CDAE3A60004AFAF /* MusicPlayerController.swift */; };
		340475121CDAE3A60004AFAF /* Main.storyboard in Resources */ = {isa = PBXBuildFile; fileRef = 340475101CDAE3A60004AFAF /* Main.storyboard */; };
		340475141CDAE3A60004AFAF /* Assets.xcassets in Resources */ = {isa = PBXBuildFile; fileRef = 340475131CDAE3A60004AFAF /* Assets.xcassets */; };
		340475171CDAE3A60004AFAF /* LaunchScreen.storyboard in Resources */ = {isa = PBXBuildFile; fileRef = 340475151CDAE3A60004AFAF /* LaunchScreen.storyboard */; };
		340475211CDAEDFB0004AFAF /* album-placeholder.png in Resources */ = {isa = PBXBuildFile; fileRef = 340475201CDAEDFB0004AFAF /* album-placeholder.png */; };
		340475231CDAF0310004AFAF /* Battle at the misty valley.mp3 in Resources */ = {isa = PBXBuildFile; fileRef = 340475221CDAF0310004AFAF /* Battle at the misty valley.mp3 */; };
		340475251CDAF03C0004AFAF /* Twilight Poem.mp3 in Resources */ = {isa = PBXBuildFile; fileRef = 340475241CDAF03C0004AFAF /* Twilight Poem.mp3 */; };
		34D3FF1A1CF7300900328D88 /* Dawn of a New Era.mp3 in Resources */ = {isa = PBXBuildFile; fileRef = 34D3FF191CF7300900328D88 /* Dawn of a New Era.mp3 */; };
/* End PBXBuildFile section */

/* Begin PBXFileReference section */
		340475091CDAE3A60004AFAF /* My First App.app */ = {isa = PBXFileReference; explicitFileType = wrapper.application; includeInIndex = 0; path = "My First App.app"; sourceTree = BUILT_PRODUCTS_DIR; };
		3404750C1CDAE3A60004AFAF /* AppDelegate.swift */ = {isa = PBXFileReference; lastKnownFileType = sourcecode.swift; path = AppDelegate.swift; sourceTree = "<group>"; };
		3404750E1CDAE3A60004AFAF /* MusicPlayerController.swift */ = {isa = PBXFileReference; lastKnownFileType = sourcecode.swift; path = MusicPlayerController.swift; sourceTree = "<group>"; };
		340475111CDAE3A60004AFAF /* Base */ = {isa = PBXFileReference; lastKnownFileType = file.storyboard; name = Base; path = Base.lproj/Main.storyboard; sourceTree = "<group>"; };
		340475131CDAE3A60004AFAF /* Assets.xcassets */ = {isa = PBXFileReference; lastKnownFileType = folder.assetcatalog; path = Assets.xcassets; sourceTree = "<group>"; };
		340475161CDAE3A60004AFAF /* Base */ = {isa = PBXFileReference; lastKnownFileType = file.storyboard; name = Base; path = Base.lproj/LaunchScreen.storyboard; sourceTree = "<group>"; };
		340475181CDAE3A60004AFAF /* Info.plist */ = {isa = PBXFileReference; lastKnownFileType = text.plist.xml; path = Info.plist; sourceTree = "<group>"; };
		340475201CDAEDFB0004AFAF /* album-placeholder.png */ = {isa = PBXFileReference; lastKnownFileType = image.png; path = "album-placeholder.png"; sourceTree = "<group>"; };
		340475221CDAF0310004AFAF /* Battle at the misty valley.mp3 */ = {isa = PBXFileReference; lastKnownFileType = audio.mp3; path = "Battle at the misty valley.mp3"; sourceTree = "<group>"; };
		340475241CDAF03C0004AFAF /* Twilight Poem.mp3 */ = {isa = PBXFileReference; lastKnownFileType = audio.mp3; path = "Twilight Poem.mp3"; sourceTree = "<group>"; };
		34D3FF191CF7300900328D88 /* Dawn of a New Era.mp3 */ = {isa = PBXFileReference; lastKnownFileType = audio.mp3; path = "Dawn of a New Era.mp3"; sourceTree = "<group>"; };
/* End PBXFileReference section */

/* Begin PBXFrameworksBuildPhase section */
		340475061CDAE3A60004AFAF /* Frameworks */ = {
			isa = PBXFrameworksBuildPhase;
			buildActionMask = 2147483647;
			files = (
			);
			runOnlyForDeploymentPostprocessing = 0;
		};
/* End PBXFrameworksBuildPhase section */

/* Begin PBXGroup section */
		340475001CDAE3A60004AFAF = {
			isa = PBXGroup;
			children = (
				3404750B1CDAE3A60004AFAF /* My First App */,
				3404750A1CDAE3A60004AFAF /* Products */,
			);
			sourceTree = "<group>";
		};
		3404750A1CDAE3A60004AFAF /* Products */ = {
			isa = PBXGroup;
			children = (
				340475091CDAE3A60004AFAF /* My First App.app */,
			);
			name = Products;
			sourceTree = "<group>";
		};
		3404750B1CDAE3A60004AFAF /* My First App */ = {
			isa = PBXGroup;
			children = (
				340475241CDAF03C0004AFAF /* Twilight Poem.mp3 */,
				340475221CDAF0310004AFAF /* Battle at the misty valley.mp3 */,
				34D3FF191CF7300900328D88 /* Dawn of a New Era.mp3 */,
				340475201CDAEDFB0004AFAF /* album-placeholder.png */,
				3404750C1CDAE3A60004AFAF /* AppDelegate.swift */,
				3404750E1CDAE3A60004AFAF /* MusicPlayerController.swift */,
				340475101CDAE3A60004AFAF /* Main.storyboard */,
				340475131CDAE3A60004AFAF /* Assets.xcassets */,
				340475151CDAE3A60004AFAF /* LaunchScreen.storyboard */,
				340475181CDAE3A60004AFAF /* Info.plist */,
			);
			path = "My First App";
			sourceTree = "<group>";
		};
/* End PBXGroup section */

/* Begin PBXNativeTarget section */
		340475081CDAE3A60004AFAF /* My First App */ = {
			isa = PBXNativeTarget;
			buildConfigurationList = 3404751B1CDAE3A60004AFAF /* Build configuration list for PBXNativeTarget "My First App" */;
			buildPhases = (
				340475051CDAE3A60004AFAF /* Sources */,
				340475061CDAE3A60004AFAF /* Frameworks */,
				340475071CDAE3A60004AFAF /* Resources */,
			);
			buildRules = (
			);
			dependencies = (
			);
			name = "My First App";
			productName = "My First App";
			productReference = 340475091CDAE3A60004AFAF /* My First App.app */;
			productType = "com.apple.product-type.application";
		};
/* End PBXNativeTarget section */

/* Begin PBXProject section */
		340475011CDAE3A60004AFAF /* Project object */ = {
			isa = PBXProject;
			attributes = {
				LastSwiftUpdateCheck = 0730;
				LastUpgradeCheck = 0730;
				ORGANIZATIONNAME = "Tingbo Chen";
				TargetAttributes = {
					340475081CDAE3A60004AFAF = {
						CreatedOnToolsVersion = 7.3;
						DevelopmentTeam = LJL8G936JS;
					};
				};
			};
			buildConfigurationList = 340475041CDAE3A60004AFAF /* Build configuration list for PBXProject "My First App" */;
			compatibilityVersion = "Xcode 3.2";
			developmentRegion = English;
			hasScannedForEncodings = 0;
			knownRegions = (
				en,
				Base,
			);
			mainGroup = 340475001CDAE3A60004AFAF;
			productRefGroup = 3404750A1CDAE3A60004AFAF /* Products */;
			projectDirPath = "";
			projectRoot = "";
			targets = (
				340475081CDAE3A60004AFAF /* My First App */,
			);
		};
/* End PBXProject section */

/* Begin PBXResourcesBuildPhase section */
		340475071CDAE3A60004AFAF /* Resources */ = {
			isa = PBXResourcesBuildPhase;
			buildActionMask = 2147483647;
			files = (
				340475231CDAF0310004AFAF /* Battle at the misty valley.mp3 in Resources */,
				340475171CDAE3A60004AFAF /* LaunchScreen.storyboard in Resources */,
				340475251CDAF03C0004AFAF /* Twilight Poem.mp3 in Resources */,
				340475211CDAEDFB0004AFAF /* album-placeholder.png in Resources */,
				340475141CDAE3A60004AFAF /* Assets.xcassets in Resources */,
				34D3FF1A1CF7300900328D88 /* Dawn of a New Era.mp3 in Resources */,
				340475121CDAE3A60004AFAF /* Main.storyboard in Resources */,
			);
			runOnlyForDeploymentPostprocessing = 0;
		};
/* End PBXResourcesBuildPhase section */

/* Begin PBXSourcesBuildPhase section */
		340475051CDAE3A60004AFAF /* Sources */ = {
			isa = PBXSourcesBuildPhase;
			buildActionMask = 2147483647;
			files = (
				3404750F1CDAE3A60004AFAF /* MusicPlayerController.swift in Sources */,
				3404750D1CDAE3A60004AFAF /* AppDelegate.swift in Sources */,
			);
			runOnlyForDeploymentPostprocessing = 0;
		};
/* End PBXSourcesBuildPhase section */

/* Begin PBXVariantGroup section */
		340475101CDAE3A60004AFAF /* Main.storyboard */ = {
			isa = PBXVariantGroup;
			children = (
				340475111CDAE3A60004AFAF /* Base */,
			);
			name = Main.storyboard;
			sourceTree = "<group>";
		};
		340475151CDAE3A60004AFAF /* LaunchScreen.storyboard */ = {
			isa = PBXVariantGroup;
			children = (
				340475161CDAE3A60004AFAF /* Base */,
			);
			name = LaunchScreen.storyboard;
			sourceTree = "<group>";
		};
/* End PBXVariantGroup section */

/* Begin XCBuildConfiguration section */
		340475191CDAE3A60004AFAF /* Debug */ = {
			isa = XCBuildConfiguration;
			buildSettings = {
				ALWAYS_SEARCH_USER_PATHS = NO;
				CLANG_ANALYZER_NONNULL = YES;
				CLANG_CXX_LANGUAGE_STANDARD = "gnu++0x";
				CLANG_CXX_LIBRARY = "libc++";
				CLANG_ENABLE_MODULES = YES;
				CLANG_ENABLE_OBJC_ARC = YES;
				CLANG_WARN_BOOL_CONVERSION = YES;
				CLANG_WARN_CONSTANT_CONVERSION = YES;
				CLANG_WARN_DIRECT_OBJC_ISA_USAGE = YES_ERROR;
				CLANG_WARN_EMPTY_BODY = YES;
				CLANG_WARN_ENUM_CONVERSION = YES;
				CLANG_WARN_INT_CONVERSION = YES;
				CLANG_WARN_OBJC_ROOT_CLASS = YES_ERROR;
				CLANG_WARN_UNREACHABLE_CODE = YES;
				CLANG_WARN__DUPLICATE_METHOD_MATCH = YES;
				"CODE_SIGN_IDENTITY[sdk=iphoneos*]" = "iPhone Developer";
				COPY_PHASE_STRIP = NO;
				DEBUG_INFORMATION_FORMAT = dwarf;
				ENABLE_STRICT_OBJC_MSGSEND = YES;
				ENABLE_TESTABILITY = YES;
				GCC_C_LANGUAGE_STANDARD = gnu99;
				GCC_DYNAMIC_NO_PIC = NO;
				GCC_NO_COMMON_BLOCKS = YES;
				GCC_OPTIMIZATION_LEVEL = 0;
				GCC_PREPROCESSOR_DEFINITIONS = (
					"DEBUG=1",
					"$(inherited)",
				);
				GCC_WARN_64_TO_32_BIT_CONVERSION = YES;
				GCC_WARN_ABOUT_RETURN_TYPE = YES_ERROR;
				GCC_WARN_UNDECLARED_SELECTOR = YES;
				GCC_WARN_UNINITIALIZED_AUTOS = YES_AGGRESSIVE;
				GCC_WARN_UNUSED_FUNCTION = YES;
				GCC_WARN_UNUSED_VARIABLE = YES;
				IPHONEOS_DEPLOYMENT_TARGET = 9.3;
				MTL_ENABLE_DEBUG_INFO = YES;
				ONLY_ACTIVE_ARCH = YES;
				SDKROOT = iphoneos;
				SWIFT_OPTIMIZATION_LEVEL = "-Onone";
			};
			name = Debug;
		};
		3404751A1CDAE3A60004AFAF /* Release */ = {
			isa = XCBuildConfiguration;
			buildSettings = {
				ALWAYS_SEARCH_USER_PATHS = NO;
				CLANG_ANALYZER_NONNULL = YES;
				CLANG_CXX_LANGUAGE_STANDARD = "gnu++0x";
				CLANG_CXX_LIBRARY = "libc++";
				CLANG_ENABLE_MODULES = YES;
				CLANG_ENABLE_OBJC_ARC = YES;
				CLANG_WARN_BOOL_CONVERSION = YES;
				CLANG_WARN_CONSTANT_CONVERSION = YES;
				CLANG_WARN_DIRECT_OBJC_ISA_USAGE = YES_ERROR;
				CLANG_WARN_EMPTY_BODY = YES;
				CLANG_WARN_ENUM_CONVERSION = YES;
				CLANG_WARN_INT_CONVERSION = YES;
				CLANG_WARN_OBJC_ROOT_CLASS = YES_ERROR;
				CLANG_WARN_UNREACHABLE_CODE = YES;
				CLANG_WARN__DUPLICATE_METHOD_MATCH = YES;
				"CODE_SIGN_IDENTITY[sdk=iphoneos*]" = "iPhone Developer";
				COPY_PHASE_STRIP = NO;
				DEBUG_INFORMATION_FORMAT = "dwarf-with-dsym";
				ENABLE_NS_ASSERTIONS = NO;
				ENABLE_STRICT_OBJC_MSGSEND = YES;
				GCC_C_LANGUAGE_STANDARD = gnu99;
				GCC_NO_COMMON_BLOCKS = YES;
				GCC_WARN_64_TO_32_BIT_CONVERSION = YES;
				GCC_WARN_ABOUT_RETURN_TYPE = YES_ERROR;
				GCC_WARN_UNDECLARED_SELECTOR = YES;
				GCC_WARN_UNINITIALIZED_AUTOS = YES_AGGRESSIVE;
				GCC_WARN_UNUSED_FUNCTION = YES;
				GCC_WARN_UNUSED_VARIABLE = YES;
				IPHONEOS_DEPLOYMENT_TARGET = 9.3;
				MTL_ENABLE_DEBUG_INFO = NO;
				SDKROOT = iphoneos;
				VALIDATE_PRODUCT = YES;
			};
			name = Release;
		};
		3404751C1CDAE3A60004AFAF /* Debug */ = {
			isa = XCBuildConfiguration;
			buildSettings = {
				ASSETCATALOG_COMPILER_APPICON_NAME = AppIcon;
				INFOPLIST_FILE = "My First App/Info.plist";
				LD_RUNPATH_SEARCH_PATHS = "$(inherited) @executable_path/Frameworks";
				PRODUCT_BUNDLE_IDENTIFIER = "com.tbc.My-First-App";
				PRODUCT_NAME = "$(TARGET_NAME)";
			};
			name = Debug;
		};
		3404751D1CDAE3A60004AFAF /* Release */ = {
			isa = XCBuildConfiguration;
			buildSettings = {
				ASSETCATALOG_COMPILER_APPICON_NAME = AppIcon;
				INFOPLIST_FILE = "My First App/Info.plist";
				LD_RUNPATH_SEARCH_PATHS = "$(inherited) @executable_path/Frameworks";
				PRODUCT_BUNDLE_IDENTIFIER = "com.tbc.My-First-App";
				PRODUCT_NAME = "$(TARGET_NAME)";
			};
			name = Release;
		};
/* End XCBuildConfiguration section */

/* Begin XCConfigurationList section */
		340475041CDAE3A60004AFAF /* Build configuration list for PBXProject "My First App" */ = {
			isa = XCConfigurationList;
			buildConfigurations = (
				340475191CDAE3A60004AFAF /* Debug */,
				3404751A1CDAE3A60004AFAF /* Release */,
			);
			defaultConfigurationIsVisible = 0;
			defaultConfigurationName = Release;
		};
		3404751B1CDAE3A60004AFAF /* Build configuration list for PBXNativeTarget "My First App" */ = {
			isa = XCConfigurationList;
			buildConfigurations = (
				3404751C1CDAE3A60004AFAF /* Debug */,
				3404751D1CDAE3A60004AFAF /* Release */,
			);
			defaultConfigurationIsVisible = 0;
			defaultConfigurationName = Release;
		};
/* End XCConfigurationList section */
	};
	rootObject = 340475011CDAE3A60004AFAF /* Project object */;
}
